
Microsoft Visual Studio Solution File, Format Version 12.00
# Visual Studio 14
VisualStudioVersion = 14.0.25420.1
MinimumVisualStudioVersion = 10.0.40219.1
Project("{2150E333-8FDC-42A3-9474-1A3956D46DE8}") = "01 - Kintamieji", "01 - Kintamieji", "{2AC4EEA6-72B3-459C-A8CE-2E5A7A12370D}"
EndProject
Project("{2150E333-8FDC-42A3-9474-1A3956D46DE8}") = "02 - Isvedimas", "02 - Isvedimas", "{A6ED49EC-2EEF-4BDE-9388-CF44A12F4B0D}"
EndProject
Project("{2150E333-8FDC-42A3-9474-1A3956D46DE8}") = "03 - Aritmetiniai veiksmai", "03 - Aritmetiniai veiksmai", "{BD19F01D-2ED7-4D8A-A2CB-BC6A3E61C691}"
EndProject
Project("{2150E333-8FDC-42A3-9474-1A3956D46DE8}") = "04 - Ivedimas", "04 - Ivedimas", "{B4548552-6CB8-4E30-B794-1B2534312070}"
EndProject
Project("{FAE04EC0-301F-11D3-BF4B-00C04F79EFBC}") = "1-1 uzduotis", "1-1 uzduotis\1-1 uzduotis.csproj", "{18E75E65-A4C0-43EA-94B4-27567EBA6A48}"
EndProject
Project("{FAE04EC0-301F-11D3-BF4B-00C04F79EFBC}") = "2-1 uzduotis", "2-1 uzduotis\2-1 uzduotis.csproj", "{F9526445-C913-4C99-A9B2-DE44033EEC07}"
EndProject
Project("{FAE04EC0-301F-11D3-BF4B-00C04F79EFBC}") = "3-1 uzduotis", "3-1 uzduotis\3-1 uzduotis.csproj", "{7B998A41-EE07-4AE0-9E1E-D652CF14FD13}"
EndProject
Project("{FAE04EC0-301F-11D3-BF4B-00C04F79EFBC}") = "4 pvz", "4-1 uzduotis\4 pvz.csproj", "{227D0D89-B77F-400B-8C94-159C734E40B6}"
EndProject
Project("{FAE04EC0-301F-11D3-BF4B-00C04F79EFBC}") = "4-1 uzduotys", "4-1 uzduotys\4-1 uzduotys.csproj", "{DFB505AA-AF10-4042-AAE9-52B0A9B7F861}"
EndProject
Project("{FAE04EC0-301F-11D3-BF4B-00C04F79EFBC}") = "4-2 uzduotis", "4-2 uzduotis\4-2 uzduotis.csproj", "{BFF012D1-6C50-4D2C-8250-D15283C6C053}"
EndProject
Project("{FAE04EC0-301F-11D3-BF4B-00C04F79EFBC}") = "4-3 uzduotis", "4-3 uzduotis\4-3 uzduotis.csproj", "{F5EAB647-7A12-4F43-BDF2-E3CF9EFD3B9F}"
EndProject
Project("{FAE04EC0-301F-11D3-BF4B-00C04F79EFBC}") = "4-4 uzduotis", "4-4 uzduotis\4-4 uzduotis.csproj", "{376A3352-5E16-471E-AA28-1F2C430EAF71}"
EndProject
Project("{FAE04EC0-301F-11D3-BF4B-00C04F79EFBC}") = "4-5 uzduotis", "4-5 uzduotis\4-5 uzduotis.csproj", "{A146A839-ED57-4F93-88D9-D8857AC99544}"
EndProject
Project("{FAE04EC0-301F-11D3-BF4B-00C04F79EFBC}") = "4-6 uzduotis", "4-6 uzduotis\4-6 uzduotis.csproj", "{311E516A-D712-40EE-B28D-96277C9F0E30}"
EndProject
Project("{FAE04EC0-301F-11D3-BF4B-00C04F79EFBC}") = "4-7 uzduotis", "4-7 uzduotis\4-7 uzduotis.csproj", "{DA7F4063-4566-42D7-BA31-ED07B2B2EF70}"
EndProject
Project("{2150E333-8FDC-42A3-9474-1A3956D46DE8}") = "05 - Salygos", "05 - Salygos", "{8A61E1A5-0C00-414E-89B9-683AD930433B}"
EndProject
Project("{FAE04EC0-301F-11D3-BF4B-00C04F79EFBC}") = "5-1 uzduotis", "5-1 uzduotis\5-1 uzduotis.csproj", "{50F11D5D-4B2B-4093-9839-4B150CD7A109}"
EndProject
Project("{FAE04EC0-301F-11D3-BF4B-00C04F79EFBC}") = "5-2 uzduotis", "5-2 uzduotis\5-2 uzduotis.csproj", "{F4291C8A-3B2F-4CDC-9E39-C4E4D1F46AFA}"
EndProject
Project("{FAE04EC0-301F-11D3-BF4B-00C04F79EFBC}") = "5-3 uzduotis", "5-3 uzduotis\5-3 uzduotis.csproj", "{36743D7F-A0CD-4448-837B-2666C3D25E01}"
EndProject
Project("{FAE04EC0-301F-11D3-BF4B-00C04F79EFBC}") = "5-4 uzduotis", "5-4 uzduotis\5-4 uzduotis.csproj", "{E83E1CFB-4BAC-430C-8411-2D46DC046A68}"
EndProject
Project("{FAE04EC0-301F-11D3-BF4B-00C04F79EFBC}") = "5-11 uzduotis", "5-11 uzduotis\5-11 uzduotis.csproj", "{F7B82051-CEF3-4869-8A57-A21C360656D4}"
EndProject
Project("{FAE04EC0-301F-11D3-BF4B-00C04F79EFBC}") = "5-12 uzduotis", "5-12 uzduotis\5-12 uzduotis.csproj", "{AF3B249E-41A0-42FD-8953-275DAEBBEFBB}"
EndProject
Project("{FAE04EC0-301F-11D3-BF4B-00C04F79EFBC}") = "5-13 uzduotis", "5-13 uzduotis\5-13 uzduotis.csproj", "{DCAA3747-C195-4533-9F09-2B1A6C87B166}"
EndProject
Project("{FAE04EC0-301F-11D3-BF4B-00C04F79EFBC}") = "5-21 uzduotis", "5-21 uzduotis\5-21 uzduotis.csproj", "{F6046E79-7548-48F4-9404-2D29FFC6CBF5}"
EndProject
Project("{FAE04EC0-301F-11D3-BF4B-00C04F79EFBC}") = "5-22 uzduotis", "5-22 uzduotis\5-22 uzduotis.csproj", "{26069AB8-D885-4D0B-9463-3860551D857D}"
EndProject
Project("{2150E333-8FDC-42A3-9474-1A3956D46DE8}") = "06 - Switch", "06 - Switch", "{3B447887-02F5-4881-A95B-ABA112A9FA18}"
EndProject
Project("{FAE04EC0-301F-11D3-BF4B-00C04F79EFBC}") = "5-31 - uzduotis", "5-31 - uzduotis\5-31 - uzduotis.csproj", "{F16737E2-CFD2-4635-9C4A-F59987FA9ACD}"
EndProject
Project("{FAE04EC0-301F-11D3-BF4B-00C04F79EFBC}") = "5-32 uzduotis", "5-32 uzduotis\5-32 uzduotis.csproj", "{FA374C3F-03A6-4703-8240-6E3787232520}"
EndProject
Project("{FAE04EC0-301F-11D3-BF4B-00C04F79EFBC}") = "5-33 - uzduotis", "5-33 - uzduotis\5-33 - uzduotis.csproj", "{2B2144BB-8B4E-45B8-92E7-13DE139F0EE6}"
EndProject
Project("{FAE04EC0-301F-11D3-BF4B-00C04F79EFBC}") = "5-34 - uzduotis", "5-34 - uzduotis\5-34 - uzduotis.csproj", "{6ECEA386-1503-4A50-93ED-C151E1AB1FA2}"
EndProject
Project("{FAE04EC0-301F-11D3-BF4B-00C04F79EFBC}") = "6-1 - uzduotis", "6-1 - uzduotis\6-1 - uzduotis.csproj", "{44E8EF0B-A73D-4CD1-889C-359F18859BA5}"
EndProject
Project("{FAE04EC0-301F-11D3-BF4B-00C04F79EFBC}") = "6-2 - uzduotis", "6-2 - uzduotis\6-2 - uzduotis.csproj", "{3D4996EE-D38D-4B86-BD85-40FE6BCEF675}"
EndProject
Project("{FAE04EC0-301F-11D3-BF4B-00C04F79EFBC}") = "6-11 - uzduotis", "6-11 - uzduotis\6-11 - uzduotis.csproj", "{9DEDEAF7-7A9D-4117-A17F-FACA618655FC}"
EndProject
Project("{FAE04EC0-301F-11D3-BF4B-00C04F79EFBC}") = "Tarpine uzduotis", "Tarpine uzduotis\Tarpine uzduotis.csproj", "{9007C4A5-CEAB-4DB7-AEFE-8E098D1ADCFD}"
EndProject
Project("{2150E333-8FDC-42A3-9474-1A3956D46DE8}") = "07 - Ciklai (for)", "07 - Ciklai (for)", "{400CB106-80DA-4C57-8CD2-512F1335C4C2}"
EndProject
Project("{FAE04EC0-301F-11D3-BF4B-00C04F79EFBC}") = "7-1 - uzduotis", "7-1 - uzduotis\7-1 - uzduotis.csproj", "{EF08F6B7-B797-4E49-A08C-C91A3D932DA8}"
EndProject
Project("{FAE04EC0-301F-11D3-BF4B-00C04F79EFBC}") = "7-2 - uzduotis", "7-2 - uzduotis\7-2 - uzduotis.csproj", "{FB80B265-1492-4ED8-9357-05E277303112}"
EndProject
Project("{FAE04EC0-301F-11D3-BF4B-00C04F79EFBC}") = "7-3 - uzduotis", "7-3 - uzduotis\7-3 - uzduotis.csproj", "{14BFDB8E-B661-4225-A2C1-D7A4402527F0}"
EndProject
Project("{FAE04EC0-301F-11D3-BF4B-00C04F79EFBC}") = "7-4 - uzduotis", "7-4 - uzduotis\7-4 - uzduotis.csproj", "{54ECF5FE-19E1-4475-AA71-96B3A137475E}"
EndProject
Project("{FAE04EC0-301F-11D3-BF4B-00C04F79EFBC}") = "7-5 - uzduotis", "7-5 - uzduotis\7-5 - uzduotis.csproj", "{F7E6CC37-A40A-4674-85CD-561CF1C0F30F}"
EndProject
Project("{FAE04EC0-301F-11D3-BF4B-00C04F79EFBC}") = "7-6 - uzduotis", "7-6 - uzduotis\7-6 - uzduotis.csproj", "{77AE1C21-77FA-4C72-BBB8-A804498D7D64}"
EndProject
Project("{FAE04EC0-301F-11D3-BF4B-00C04F79EFBC}") = "7-7 - uzduotis", "7-7 - uzduotis\7-7 - uzduotis.csproj", "{2EBB17DA-7C9C-4A86-A77F-6C6D5E55DC60}"
EndProject
Project("{FAE04EC0-301F-11D3-BF4B-00C04F79EFBC}") = "7-8 - uzduotis", "7-8 - uzduotis\7-8 - uzduotis.csproj", "{850AD012-535F-4FF1-B46A-018263C97FBF}"
EndProject
Project("{FAE04EC0-301F-11D3-BF4B-00C04F79EFBC}") = "7-10 - uzduotis", "7-10 - uzduotis\7-10 - uzduotis.csproj", "{2448CE28-4477-4B10-9D3F-7D21F28C63EA}"
EndProject
Project("{FAE04EC0-301F-11D3-BF4B-00C04F79EFBC}") = "7-11 - uzduotis", "7-11 - uzduotis\7-11 - uzduotis.csproj", "{9E5207B0-4735-4D0D-839B-C939503DEF5C}"
EndProject
Project("{FAE04EC0-301F-11D3-BF4B-00C04F79EFBC}") = "7-12 - uzduotis", "5-12 - uzduotis\7-12 - uzduotis.csproj", "{1BA15A74-452C-43E6-8DED-65E81EE6AB0F}"
EndProject
Project("{2150E333-8FDC-42A3-9474-1A3956D46DE8}") = "08 - Masyvai", "08 - Masyvai", "{05F20E75-B531-4598-9A51-37C916F602AA}"
EndProject
Project("{FAE04EC0-301F-11D3-BF4B-00C04F79EFBC}") = "8-1 - uzduotis", "8-1 - uzduotis\8-1 - uzduotis.csproj", "{CAEAB3E8-65CC-4FCC-9370-ED33DBDCE52F}"
EndProject
Project("{FAE04EC0-301F-11D3-BF4B-00C04F79EFBC}") = "8-2 - uzduotis", "8-2 - uzduotis\8-2 - uzduotis.csproj", "{87F57526-5AB4-4EF0-AB23-FE6BC681B810}"
EndProject
Project("{FAE04EC0-301F-11D3-BF4B-00C04F79EFBC}") = "8-3 - uzduotis", "8-3 - uzduotis\8-3 - uzduotis.csproj", "{83F91C18-3062-4249-BDC2-466A42C36786}"
EndProject
Project("{FAE04EC0-301F-11D3-BF4B-00C04F79EFBC}") = "8-4 - uzduotis", "8-4 - uzduotis\8-4 - uzduotis.csproj", "{2BEF6323-2A09-4619-9BC0-714FB7CEE824}"
EndProject
Project("{FAE04EC0-301F-11D3-BF4B-00C04F79EFBC}") = "8-5 - uzduotis", "8-5 - uzduotis\8-5 - uzduotis.csproj", "{64D25529-67CC-47A5-9E12-050EEA525C32}"
EndProject
Project("{2150E333-8FDC-42A3-9474-1A3956D46DE8}") = "09 - Sarasas", "09 - Sarasas", "{8990C6C7-E790-4219-AA50-6F1944C78A4F}"
EndProject
Project("{FAE04EC0-301F-11D3-BF4B-00C04F79EFBC}") = "9-1 - uzduotis", "9-1 - uzduotis\9-1 - uzduotis.csproj", "{15ACB9E7-3A09-448A-B867-4B4F2DE6A07E}"
EndProject
Project("{FAE04EC0-301F-11D3-BF4B-00C04F79EFBC}") = "9-2 - uzduotis", "9-2 - uzduotis\9-2 - uzduotis.csproj", "{46FC9BAE-464B-4204-9602-C1DDAEBEBD9B}"
EndProject
Project("{2150E333-8FDC-42A3-9474-1A3956D46DE8}") = "10 - Metodai", "10 - Metodai", "{D380699B-F7F1-4857-BCCC-BC5F2F8C729E}"
EndProject
Project("{FAE04EC0-301F-11D3-BF4B-00C04F79EFBC}") = "Metodu pvz 1", "Metodu pvz\Metodu pvz 1.csproj", "{E14962DE-DDA1-4C46-B216-E6CFDBCAF1C5}"
EndProject
Project("{FAE04EC0-301F-11D3-BF4B-00C04F79EFBC}") = "Metodu pvz 2", "Metodu pvz 2\Metodu pvz 2.csproj", "{37FE1DBD-68D2-4538-B5AB-6201874AF28F}"
EndProject
Project("{FAE04EC0-301F-11D3-BF4B-00C04F79EFBC}") = "Uzduotis nr 1", "Uzduotis nr 1\Uzduotis nr 1.csproj", "{69FBE0C6-7A85-4D0D-9E1D-CF4C3BB5D2FE}"
EndProject
Project("{FAE04EC0-301F-11D3-BF4B-00C04F79EFBC}") = "Uzduotis nr 2", "Uzduotis nr 2\Uzduotis nr 2.csproj", "{54837373-954E-4AE2-AC0A-3C9AC1F81432}"
EndProject
Project("{2150E333-8FDC-42A3-9474-1A3956D46DE8}") = "11 - Klases", "11 - Klases", "{024ACA9A-A7F3-4CD7-9305-AF98248FAFC9}"
EndProject
Project("{FAE04EC0-301F-11D3-BF4B-00C04F79EFBC}") = "11-1 - klasiu pvz", "11 - klasiu pvz 1\11-1 - klasiu pvz.csproj", "{5E22FC63-1FD0-43FC-9575-0AC0524E199B}"
EndProject
Project("{FAE04EC0-301F-11D3-BF4B-00C04F79EFBC}") = "11-2 - klasiu pvz (masinos)", "11 - klasiu pvz 2 (masinos)\11-2 - klasiu pvz (masinos).csproj", "{1CAA53B2-9B62-46D2-B11E-DADD2C5483FB}"
EndProject
Project("{FAE04EC0-301F-11D3-BF4B-00C04F79EFBC}") = "11-3 - klasiu pvz (medis)", "3 - klasiu pvz\11-3 - klasiu pvz (medis).csproj", "{AE9774FC-7751-4440-BB85-6BA4D916E435}"
EndProject
Global
	GlobalSection(SolutionConfigurationPlatforms) = preSolution
		Debug|Any CPU = Debug|Any CPU
		Release|Any CPU = Release|Any CPU
	EndGlobalSection
	GlobalSection(ProjectConfigurationPlatforms) = postSolution
		{18E75E65-A4C0-43EA-94B4-27567EBA6A48}.Debug|Any CPU.ActiveCfg = Debug|Any CPU
		{18E75E65-A4C0-43EA-94B4-27567EBA6A48}.Debug|Any CPU.Build.0 = Debug|Any CPU
		{18E75E65-A4C0-43EA-94B4-27567EBA6A48}.Release|Any CPU.ActiveCfg = Release|Any CPU
		{18E75E65-A4C0-43EA-94B4-27567EBA6A48}.Release|Any CPU.Build.0 = Release|Any CPU
		{F9526445-C913-4C99-A9B2-DE44033EEC07}.Debug|Any CPU.ActiveCfg = Debug|Any CPU
		{F9526445-C913-4C99-A9B2-DE44033EEC07}.Debug|Any CPU.Build.0 = Debug|Any CPU
		{F9526445-C913-4C99-A9B2-DE44033EEC07}.Release|Any CPU.ActiveCfg = Release|Any CPU
		{F9526445-C913-4C99-A9B2-DE44033EEC07}.Release|Any CPU.Build.0 = Release|Any CPU
		{7B998A41-EE07-4AE0-9E1E-D652CF14FD13}.Debug|Any CPU.ActiveCfg = Debug|Any CPU
		{7B998A41-EE07-4AE0-9E1E-D652CF14FD13}.Debug|Any CPU.Build.0 = Debug|Any CPU
		{7B998A41-EE07-4AE0-9E1E-D652CF14FD13}.Release|Any CPU.ActiveCfg = Release|Any CPU
		{7B998A41-EE07-4AE0-9E1E-D652CF14FD13}.Release|Any CPU.Build.0 = Release|Any CPU
		{227D0D89-B77F-400B-8C94-159C734E40B6}.Debug|Any CPU.ActiveCfg = Debug|Any CPU
		{227D0D89-B77F-400B-8C94-159C734E40B6}.Debug|Any CPU.Build.0 = Debug|Any CPU
		{227D0D89-B77F-400B-8C94-159C734E40B6}.Release|Any CPU.ActiveCfg = Release|Any CPU
		{227D0D89-B77F-400B-8C94-159C734E40B6}.Release|Any CPU.Build.0 = Release|Any CPU
		{DFB505AA-AF10-4042-AAE9-52B0A9B7F861}.Debug|Any CPU.ActiveCfg = Debug|Any CPU
		{DFB505AA-AF10-4042-AAE9-52B0A9B7F861}.Debug|Any CPU.Build.0 = Debug|Any CPU
		{DFB505AA-AF10-4042-AAE9-52B0A9B7F861}.Release|Any CPU.ActiveCfg = Release|Any CPU
		{DFB505AA-AF10-4042-AAE9-52B0A9B7F861}.Release|Any CPU.Build.0 = Release|Any CPU
		{BFF012D1-6C50-4D2C-8250-D15283C6C053}.Debug|Any CPU.ActiveCfg = Debug|Any CPU
		{BFF012D1-6C50-4D2C-8250-D15283C6C053}.Debug|Any CPU.Build.0 = Debug|Any CPU
		{BFF012D1-6C50-4D2C-8250-D15283C6C053}.Release|Any CPU.ActiveCfg = Release|Any CPU
		{BFF012D1-6C50-4D2C-8250-D15283C6C053}.Release|Any CPU.Build.0 = Release|Any CPU
		{F5EAB647-7A12-4F43-BDF2-E3CF9EFD3B9F}.Debug|Any CPU.ActiveCfg = Debug|Any CPU
		{F5EAB647-7A12-4F43-BDF2-E3CF9EFD3B9F}.Debug|Any CPU.Build.0 = Debug|Any CPU
		{F5EAB647-7A12-4F43-BDF2-E3CF9EFD3B9F}.Release|Any CPU.ActiveCfg = Release|Any CPU
		{F5EAB647-7A12-4F43-BDF2-E3CF9EFD3B9F}.Release|Any CPU.Build.0 = Release|Any CPU
		{376A3352-5E16-471E-AA28-1F2C430EAF71}.Debug|Any CPU.ActiveCfg = Debug|Any CPU
		{376A3352-5E16-471E-AA28-1F2C430EAF71}.Debug|Any CPU.Build.0 = Debug|Any CPU
		{376A3352-5E16-471E-AA28-1F2C430EAF71}.Release|Any CPU.ActiveCfg = Release|Any CPU
		{376A3352-5E16-471E-AA28-1F2C430EAF71}.Release|Any CPU.Build.0 = Release|Any CPU
		{A146A839-ED57-4F93-88D9-D8857AC99544}.Debug|Any CPU.ActiveCfg = Debug|Any CPU
		{A146A839-ED57-4F93-88D9-D8857AC99544}.Debug|Any CPU.Build.0 = Debug|Any CPU
		{A146A839-ED57-4F93-88D9-D8857AC99544}.Release|Any CPU.ActiveCfg = Release|Any CPU
		{A146A839-ED57-4F93-88D9-D8857AC99544}.Release|Any CPU.Build.0 = Release|Any CPU
		{311E516A-D712-40EE-B28D-96277C9F0E30}.Debug|Any CPU.ActiveCfg = Debug|Any CPU
		{311E516A-D712-40EE-B28D-96277C9F0E30}.Debug|Any CPU.Build.0 = Debug|Any CPU
		{311E516A-D712-40EE-B28D-96277C9F0E30}.Release|Any CPU.ActiveCfg = Release|Any CPU
		{311E516A-D712-40EE-B28D-96277C9F0E30}.Release|Any CPU.Build.0 = Release|Any CPU
		{DA7F4063-4566-42D7-BA31-ED07B2B2EF70}.Debug|Any CPU.ActiveCfg = Debug|Any CPU
		{DA7F4063-4566-42D7-BA31-ED07B2B2EF70}.Debug|Any CPU.Build.0 = Debug|Any CPU
		{DA7F4063-4566-42D7-BA31-ED07B2B2EF70}.Release|Any CPU.ActiveCfg = Release|Any CPU
		{DA7F4063-4566-42D7-BA31-ED07B2B2EF70}.Release|Any CPU.Build.0 = Release|Any CPU
		{50F11D5D-4B2B-4093-9839-4B150CD7A109}.Debug|Any CPU.ActiveCfg = Debug|Any CPU
		{50F11D5D-4B2B-4093-9839-4B150CD7A109}.Debug|Any CPU.Build.0 = Debug|Any CPU
		{50F11D5D-4B2B-4093-9839-4B150CD7A109}.Release|Any CPU.ActiveCfg = Release|Any CPU
		{50F11D5D-4B2B-4093-9839-4B150CD7A109}.Release|Any CPU.Build.0 = Release|Any CPU
		{F4291C8A-3B2F-4CDC-9E39-C4E4D1F46AFA}.Debug|Any CPU.ActiveCfg = Debug|Any CPU
		{F4291C8A-3B2F-4CDC-9E39-C4E4D1F46AFA}.Debug|Any CPU.Build.0 = Debug|Any CPU
		{F4291C8A-3B2F-4CDC-9E39-C4E4D1F46AFA}.Release|Any CPU.ActiveCfg = Release|Any CPU
		{F4291C8A-3B2F-4CDC-9E39-C4E4D1F46AFA}.Release|Any CPU.Build.0 = Release|Any CPU
		{36743D7F-A0CD-4448-837B-2666C3D25E01}.Debug|Any CPU.ActiveCfg = Debug|Any CPU
		{36743D7F-A0CD-4448-837B-2666C3D25E01}.Debug|Any CPU.Build.0 = Debug|Any CPU
		{36743D7F-A0CD-4448-837B-2666C3D25E01}.Release|Any CPU.ActiveCfg = Release|Any CPU
		{36743D7F-A0CD-4448-837B-2666C3D25E01}.Release|Any CPU.Build.0 = Release|Any CPU
		{E83E1CFB-4BAC-430C-8411-2D46DC046A68}.Debug|Any CPU.ActiveCfg = Debug|Any CPU
		{E83E1CFB-4BAC-430C-8411-2D46DC046A68}.Debug|Any CPU.Build.0 = Debug|Any CPU
		{E83E1CFB-4BAC-430C-8411-2D46DC046A68}.Release|Any CPU.ActiveCfg = Release|Any CPU
		{E83E1CFB-4BAC-430C-8411-2D46DC046A68}.Release|Any CPU.Build.0 = Release|Any CPU
		{F7B82051-CEF3-4869-8A57-A21C360656D4}.Debug|Any CPU.ActiveCfg = Debug|Any CPU
		{F7B82051-CEF3-4869-8A57-A21C360656D4}.Debug|Any CPU.Build.0 = Debug|Any CPU
		{F7B82051-CEF3-4869-8A57-A21C360656D4}.Release|Any CPU.ActiveCfg = Release|Any CPU
		{F7B82051-CEF3-4869-8A57-A21C360656D4}.Release|Any CPU.Build.0 = Release|Any CPU
		{AF3B249E-41A0-42FD-8953-275DAEBBEFBB}.Debug|Any CPU.ActiveCfg = Debug|Any CPU
		{AF3B249E-41A0-42FD-8953-275DAEBBEFBB}.Debug|Any CPU.Build.0 = Debug|Any CPU
		{AF3B249E-41A0-42FD-8953-275DAEBBEFBB}.Release|Any CPU.ActiveCfg = Release|Any CPU
		{AF3B249E-41A0-42FD-8953-275DAEBBEFBB}.Release|Any CPU.Build.0 = Release|Any CPU
		{DCAA3747-C195-4533-9F09-2B1A6C87B166}.Debug|Any CPU.ActiveCfg = Debug|Any CPU
		{DCAA3747-C195-4533-9F09-2B1A6C87B166}.Debug|Any CPU.Build.0 = Debug|Any CPU
		{DCAA3747-C195-4533-9F09-2B1A6C87B166}.Release|Any CPU.ActiveCfg = Release|Any CPU
		{DCAA3747-C195-4533-9F09-2B1A6C87B166}.Release|Any CPU.Build.0 = Release|Any CPU
		{F6046E79-7548-48F4-9404-2D29FFC6CBF5}.Debug|Any CPU.ActiveCfg = Debug|Any CPU
		{F6046E79-7548-48F4-9404-2D29FFC6CBF5}.Debug|Any CPU.Build.0 = Debug|Any CPU
		{F6046E79-7548-48F4-9404-2D29FFC6CBF5}.Release|Any CPU.ActiveCfg = Release|Any CPU
		{F6046E79-7548-48F4-9404-2D29FFC6CBF5}.Release|Any CPU.Build.0 = Release|Any CPU
		{26069AB8-D885-4D0B-9463-3860551D857D}.Debug|Any CPU.ActiveCfg = Debug|Any CPU
		{26069AB8-D885-4D0B-9463-3860551D857D}.Debug|Any CPU.Build.0 = Debug|Any CPU
		{26069AB8-D885-4D0B-9463-3860551D857D}.Release|Any CPU.ActiveCfg = Release|Any CPU
		{26069AB8-D885-4D0B-9463-3860551D857D}.Release|Any CPU.Build.0 = Release|Any CPU
		{F16737E2-CFD2-4635-9C4A-F59987FA9ACD}.Debug|Any CPU.ActiveCfg = Debug|Any CPU
		{F16737E2-CFD2-4635-9C4A-F59987FA9ACD}.Debug|Any CPU.Build.0 = Debug|Any CPU
		{F16737E2-CFD2-4635-9C4A-F59987FA9ACD}.Release|Any CPU.ActiveCfg = Release|Any CPU
		{F16737E2-CFD2-4635-9C4A-F59987FA9ACD}.Release|Any CPU.Build.0 = Release|Any CPU
		{FA374C3F-03A6-4703-8240-6E3787232520}.Debug|Any CPU.ActiveCfg = Debug|Any CPU
		{FA374C3F-03A6-4703-8240-6E3787232520}.Debug|Any CPU.Build.0 = Debug|Any CPU
		{FA374C3F-03A6-4703-8240-6E3787232520}.Release|Any CPU.ActiveCfg = Release|Any CPU
		{FA374C3F-03A6-4703-8240-6E3787232520}.Release|Any CPU.Build.0 = Release|Any CPU
		{2B2144BB-8B4E-45B8-92E7-13DE139F0EE6}.Debug|Any CPU.ActiveCfg = Debug|Any CPU
		{2B2144BB-8B4E-45B8-92E7-13DE139F0EE6}.Debug|Any CPU.Build.0 = Debug|Any CPU
		{2B2144BB-8B4E-45B8-92E7-13DE139F0EE6}.Release|Any CPU.ActiveCfg = Release|Any CPU
		{2B2144BB-8B4E-45B8-92E7-13DE139F0EE6}.Release|Any CPU.Build.0 = Release|Any CPU
		{6ECEA386-1503-4A50-93ED-C151E1AB1FA2}.Debug|Any CPU.ActiveCfg = Debug|Any CPU
		{6ECEA386-1503-4A50-93ED-C151E1AB1FA2}.Debug|Any CPU.Build.0 = Debug|Any CPU
		{6ECEA386-1503-4A50-93ED-C151E1AB1FA2}.Release|Any CPU.ActiveCfg = Release|Any CPU
		{6ECEA386-1503-4A50-93ED-C151E1AB1FA2}.Release|Any CPU.Build.0 = Release|Any CPU
		{44E8EF0B-A73D-4CD1-889C-359F18859BA5}.Debug|Any CPU.ActiveCfg = Debug|Any CPU
		{44E8EF0B-A73D-4CD1-889C-359F18859BA5}.Debug|Any CPU.Build.0 = Debug|Any CPU
		{44E8EF0B-A73D-4CD1-889C-359F18859BA5}.Release|Any CPU.ActiveCfg = Release|Any CPU
		{44E8EF0B-A73D-4CD1-889C-359F18859BA5}.Release|Any CPU.Build.0 = Release|Any CPU
		{3D4996EE-D38D-4B86-BD85-40FE6BCEF675}.Debug|Any CPU.ActiveCfg = Debug|Any CPU
		{3D4996EE-D38D-4B86-BD85-40FE6BCEF675}.Debug|Any CPU.Build.0 = Debug|Any CPU
		{3D4996EE-D38D-4B86-BD85-40FE6BCEF675}.Release|Any CPU.ActiveCfg = Release|Any CPU
		{3D4996EE-D38D-4B86-BD85-40FE6BCEF675}.Release|Any CPU.Build.0 = Release|Any CPU
		{9DEDEAF7-7A9D-4117-A17F-FACA618655FC}.Debug|Any CPU.ActiveCfg = Debug|Any CPU
		{9DEDEAF7-7A9D-4117-A17F-FACA618655FC}.Debug|Any CPU.Build.0 = Debug|Any CPU
		{9DEDEAF7-7A9D-4117-A17F-FACA618655FC}.Release|Any CPU.ActiveCfg = Release|Any CPU
		{9DEDEAF7-7A9D-4117-A17F-FACA618655FC}.Release|Any CPU.Build.0 = Release|Any CPU
		{9007C4A5-CEAB-4DB7-AEFE-8E098D1ADCFD}.Debug|Any CPU.ActiveCfg = Debug|Any CPU
		{9007C4A5-CEAB-4DB7-AEFE-8E098D1ADCFD}.Debug|Any CPU.Build.0 = Debug|Any CPU
		{9007C4A5-CEAB-4DB7-AEFE-8E098D1ADCFD}.Release|Any CPU.ActiveCfg = Release|Any CPU
		{9007C4A5-CEAB-4DB7-AEFE-8E098D1ADCFD}.Release|Any CPU.Build.0 = Release|Any CPU
		{EF08F6B7-B797-4E49-A08C-C91A3D932DA8}.Debug|Any CPU.ActiveCfg = Debug|Any CPU
		{EF08F6B7-B797-4E49-A08C-C91A3D932DA8}.Debug|Any CPU.Build.0 = Debug|Any CPU
		{EF08F6B7-B797-4E49-A08C-C91A3D932DA8}.Release|Any CPU.ActiveCfg = Release|Any CPU
		{EF08F6B7-B797-4E49-A08C-C91A3D932DA8}.Release|Any CPU.Build.0 = Release|Any CPU
		{FB80B265-1492-4ED8-9357-05E277303112}.Debug|Any CPU.ActiveCfg = Debug|Any CPU
		{FB80B265-1492-4ED8-9357-05E277303112}.Debug|Any CPU.Build.0 = Debug|Any CPU
		{FB80B265-1492-4ED8-9357-05E277303112}.Release|Any CPU.ActiveCfg = Release|Any CPU
		{FB80B265-1492-4ED8-9357-05E277303112}.Release|Any CPU.Build.0 = Release|Any CPU
		{14BFDB8E-B661-4225-A2C1-D7A4402527F0}.Debug|Any CPU.ActiveCfg = Debug|Any CPU
		{14BFDB8E-B661-4225-A2C1-D7A4402527F0}.Debug|Any CPU.Build.0 = Debug|Any CPU
		{14BFDB8E-B661-4225-A2C1-D7A4402527F0}.Release|Any CPU.ActiveCfg = Release|Any CPU
		{14BFDB8E-B661-4225-A2C1-D7A4402527F0}.Release|Any CPU.Build.0 = Release|Any CPU
		{54ECF5FE-19E1-4475-AA71-96B3A137475E}.Debug|Any CPU.ActiveCfg = Debug|Any CPU
		{54ECF5FE-19E1-4475-AA71-96B3A137475E}.Debug|Any CPU.Build.0 = Debug|Any CPU
		{54ECF5FE-19E1-4475-AA71-96B3A137475E}.Release|Any CPU.ActiveCfg = Release|Any CPU
		{54ECF5FE-19E1-4475-AA71-96B3A137475E}.Release|Any CPU.Build.0 = Release|Any CPU
		{F7E6CC37-A40A-4674-85CD-561CF1C0F30F}.Debug|Any CPU.ActiveCfg = Debug|Any CPU
		{F7E6CC37-A40A-4674-85CD-561CF1C0F30F}.Debug|Any CPU.Build.0 = Debug|Any CPU
		{F7E6CC37-A40A-4674-85CD-561CF1C0F30F}.Release|Any CPU.ActiveCfg = Release|Any CPU
		{F7E6CC37-A40A-4674-85CD-561CF1C0F30F}.Release|Any CPU.Build.0 = Release|Any CPU
		{77AE1C21-77FA-4C72-BBB8-A804498D7D64}.Debug|Any CPU.ActiveCfg = Debug|Any CPU
		{77AE1C21-77FA-4C72-BBB8-A804498D7D64}.Debug|Any CPU.Build.0 = Debug|Any CPU
		{77AE1C21-77FA-4C72-BBB8-A804498D7D64}.Release|Any CPU.ActiveCfg = Release|Any CPU
		{77AE1C21-77FA-4C72-BBB8-A804498D7D64}.Release|Any CPU.Build.0 = Release|Any CPU
		{2EBB17DA-7C9C-4A86-A77F-6C6D5E55DC60}.Debug|Any CPU.ActiveCfg = Debug|Any CPU
		{2EBB17DA-7C9C-4A86-A77F-6C6D5E55DC60}.Debug|Any CPU.Build.0 = Debug|Any CPU
		{2EBB17DA-7C9C-4A86-A77F-6C6D5E55DC60}.Release|Any CPU.ActiveCfg = Release|Any CPU
		{2EBB17DA-7C9C-4A86-A77F-6C6D5E55DC60}.Release|Any CPU.Build.0 = Release|Any CPU
		{850AD012-535F-4FF1-B46A-018263C97FBF}.Debug|Any CPU.ActiveCfg = Debug|Any CPU
		{850AD012-535F-4FF1-B46A-018263C97FBF}.Debug|Any CPU.Build.0 = Debug|Any CPU
		{850AD012-535F-4FF1-B46A-018263C97FBF}.Release|Any CPU.ActiveCfg = Release|Any CPU
		{850AD012-535F-4FF1-B46A-018263C97FBF}.Release|Any CPU.Build.0 = Release|Any CPU
		{2448CE28-4477-4B10-9D3F-7D21F28C63EA}.Debug|Any CPU.ActiveCfg = Debug|Any CPU
		{2448CE28-4477-4B10-9D3F-7D21F28C63EA}.Debug|Any CPU.Build.0 = Debug|Any CPU
		{2448CE28-4477-4B10-9D3F-7D21F28C63EA}.Release|Any CPU.ActiveCfg = Release|Any CPU
		{2448CE28-4477-4B10-9D3F-7D21F28C63EA}.Release|Any CPU.Build.0 = Release|Any CPU
		{9E5207B0-4735-4D0D-839B-C939503DEF5C}.Debug|Any CPU.ActiveCfg = Debug|Any CPU
		{9E5207B0-4735-4D0D-839B-C939503DEF5C}.Debug|Any CPU.Build.0 = Debug|Any CPU
		{9E5207B0-4735-4D0D-839B-C939503DEF5C}.Release|Any CPU.ActiveCfg = Release|Any CPU
		{9E5207B0-4735-4D0D-839B-C939503DEF5C}.Release|Any CPU.Build.0 = Release|Any CPU
		{1BA15A74-452C-43E6-8DED-65E81EE6AB0F}.Debug|Any CPU.ActiveCfg = Debug|Any CPU
		{1BA15A74-452C-43E6-8DED-65E81EE6AB0F}.Debug|Any CPU.Build.0 = Debug|Any CPU
		{1BA15A74-452C-43E6-8DED-65E81EE6AB0F}.Release|Any CPU.ActiveCfg = Release|Any CPU
		{1BA15A74-452C-43E6-8DED-65E81EE6AB0F}.Release|Any CPU.Build.0 = Release|Any CPU
		{CAEAB3E8-65CC-4FCC-9370-ED33DBDCE52F}.Debug|Any CPU.ActiveCfg = Debug|Any CPU
		{CAEAB3E8-65CC-4FCC-9370-ED33DBDCE52F}.Debug|Any CPU.Build.0 = Debug|Any CPU
		{CAEAB3E8-65CC-4FCC-9370-ED33DBDCE52F}.Release|Any CPU.ActiveCfg = Release|Any CPU
		{CAEAB3E8-65CC-4FCC-9370-ED33DBDCE52F}.Release|Any CPU.Build.0 = Release|Any CPU
		{87F57526-5AB4-4EF0-AB23-FE6BC681B810}.Debug|Any CPU.ActiveCfg = Debug|Any CPU
		{87F57526-5AB4-4EF0-AB23-FE6BC681B810}.Debug|Any CPU.Build.0 = Debug|Any CPU
		{87F57526-5AB4-4EF0-AB23-FE6BC681B810}.Release|Any CPU.ActiveCfg = Release|Any CPU
		{87F57526-5AB4-4EF0-AB23-FE6BC681B810}.Release|Any CPU.Build.0 = Release|Any CPU
		{83F91C18-3062-4249-BDC2-466A42C36786}.Debug|Any CPU.ActiveCfg = Debug|Any CPU
		{83F91C18-3062-4249-BDC2-466A42C36786}.Debug|Any CPU.Build.0 = Debug|Any CPU
		{83F91C18-3062-4249-BDC2-466A42C36786}.Release|Any CPU.ActiveCfg = Release|Any CPU
		{83F91C18-3062-4249-BDC2-466A42C36786}.Release|Any CPU.Build.0 = Release|Any CPU
		{2BEF6323-2A09-4619-9BC0-714FB7CEE824}.Debug|Any CPU.ActiveCfg = Debug|Any CPU
		{2BEF6323-2A09-4619-9BC0-714FB7CEE824}.Debug|Any CPU.Build.0 = Debug|Any CPU
		{2BEF6323-2A09-4619-9BC0-714FB7CEE824}.Release|Any CPU.ActiveCfg = Release|Any CPU
		{2BEF6323-2A09-4619-9BC0-714FB7CEE824}.Release|Any CPU.Build.0 = Release|Any CPU
		{64D25529-67CC-47A5-9E12-050EEA525C32}.Debug|Any CPU.ActiveCfg = Debug|Any CPU
		{64D25529-67CC-47A5-9E12-050EEA525C32}.Debug|Any CPU.Build.0 = Debug|Any CPU
		{64D25529-67CC-47A5-9E12-050EEA525C32}.Release|Any CPU.ActiveCfg = Release|Any CPU
		{64D25529-67CC-47A5-9E12-050EEA525C32}.Release|Any CPU.Build.0 = Release|Any CPU
		{15ACB9E7-3A09-448A-B867-4B4F2DE6A07E}.Debug|Any CPU.ActiveCfg = Debug|Any CPU
		{15ACB9E7-3A09-448A-B867-4B4F2DE6A07E}.Debug|Any CPU.Build.0 = Debug|Any CPU
		{15ACB9E7-3A09-448A-B867-4B4F2DE6A07E}.Release|Any CPU.ActiveCfg = Release|Any CPU
		{15ACB9E7-3A09-448A-B867-4B4F2DE6A07E}.Release|Any CPU.Build.0 = Release|Any CPU
		{46FC9BAE-464B-4204-9602-C1DDAEBEBD9B}.Debug|Any CPU.ActiveCfg = Debug|Any CPU
		{46FC9BAE-464B-4204-9602-C1DDAEBEBD9B}.Debug|Any CPU.Build.0 = Debug|Any CPU
		{46FC9BAE-464B-4204-9602-C1DDAEBEBD9B}.Release|Any CPU.ActiveCfg = Release|Any CPU
		{46FC9BAE-464B-4204-9602-C1DDAEBEBD9B}.Release|Any CPU.Build.0 = Release|Any CPU
		{E14962DE-DDA1-4C46-B216-E6CFDBCAF1C5}.Debug|Any CPU.ActiveCfg = Debug|Any CPU
		{E14962DE-DDA1-4C46-B216-E6CFDBCAF1C5}.Debug|Any CPU.Build.0 = Debug|Any CPU
		{E14962DE-DDA1-4C46-B216-E6CFDBCAF1C5}.Release|Any CPU.ActiveCfg = Release|Any CPU
		{E14962DE-DDA1-4C46-B216-E6CFDBCAF1C5}.Release|Any CPU.Build.0 = Release|Any CPU
		{37FE1DBD-68D2-4538-B5AB-6201874AF28F}.Debug|Any CPU.ActiveCfg = Debug|Any CPU
		{37FE1DBD-68D2-4538-B5AB-6201874AF28F}.Debug|Any CPU.Build.0 = Debug|Any CPU
		{37FE1DBD-68D2-4538-B5AB-6201874AF28F}.Release|Any CPU.ActiveCfg = Release|Any CPU
		{37FE1DBD-68D2-4538-B5AB-6201874AF28F}.Release|Any CPU.Build.0 = Release|Any CPU
		{69FBE0C6-7A85-4D0D-9E1D-CF4C3BB5D2FE}.Debug|Any CPU.ActiveCfg = Debug|Any CPU
		{69FBE0C6-7A85-4D0D-9E1D-CF4C3BB5D2FE}.Debug|Any CPU.Build.0 = Debug|Any CPU
		{69FBE0C6-7A85-4D0D-9E1D-CF4C3BB5D2FE}.Release|Any CPU.ActiveCfg = Release|Any CPU
		{69FBE0C6-7A85-4D0D-9E1D-CF4C3BB5D2FE}.Release|Any CPU.Build.0 = Release|Any CPU
		{54837373-954E-4AE2-AC0A-3C9AC1F81432}.Debug|Any CPU.ActiveCfg = Debug|Any CPU
		{54837373-954E-4AE2-AC0A-3C9AC1F81432}.Debug|Any CPU.Build.0 = Debug|Any CPU
		{54837373-954E-4AE2-AC0A-3C9AC1F81432}.Release|Any CPU.ActiveCfg = Release|Any CPU
		{54837373-954E-4AE2-AC0A-3C9AC1F81432}.Release|Any CPU.Build.0 = Release|Any CPU
		{5E22FC63-1FD0-43FC-9575-0AC0524E199B}.Debug|Any CPU.ActiveCfg = Debug|Any CPU
		{5E22FC63-1FD0-43FC-9575-0AC0524E199B}.Debug|Any CPU.Build.0 = Debug|Any CPU
		{5E22FC63-1FD0-43FC-9575-0AC0524E199B}.Release|Any CPU.ActiveCfg = Release|Any CPU
		{5E22FC63-1FD0-43FC-9575-0AC0524E199B}.Release|Any CPU.Build.0 = Release|Any CPU
		{1CAA53B2-9B62-46D2-B11E-DADD2C5483FB}.Debug|Any CPU.ActiveCfg = Debug|Any CPU
		{1CAA53B2-9B62-46D2-B11E-DADD2C5483FB}.Debug|Any CPU.Build.0 = Debug|Any CPU
		{1CAA53B2-9B62-46D2-B11E-DADD2C5483FB}.Release|Any CPU.ActiveCfg = Release|Any CPU
		{1CAA53B2-9B62-46D2-B11E-DADD2C5483FB}.Release|Any CPU.Build.0 = Release|Any CPU
		{AE9774FC-7751-4440-BB85-6BA4D916E435}.Debug|Any CPU.ActiveCfg = Debug|Any CPU
		{AE9774FC-7751-4440-BB85-6BA4D916E435}.Debug|Any CPU.Build.0 = Debug|Any CPU
		{AE9774FC-7751-4440-BB85-6BA4D916E435}.Release|Any CPU.ActiveCfg = Release|Any CPU
		{AE9774FC-7751-4440-BB85-6BA4D916E435}.Release|Any CPU.Build.0 = Release|Any CPU
	EndGlobalSection
	GlobalSection(SolutionProperties) = preSolution
		HideSolutionNode = FALSE
	EndGlobalSection
	GlobalSection(NestedProjects) = preSolution
		{18E75E65-A4C0-43EA-94B4-27567EBA6A48} = {2AC4EEA6-72B3-459C-A8CE-2E5A7A12370D}
		{F9526445-C913-4C99-A9B2-DE44033EEC07} = {A6ED49EC-2EEF-4BDE-9388-CF44A12F4B0D}
		{7B998A41-EE07-4AE0-9E1E-D652CF14FD13} = {BD19F01D-2ED7-4D8A-A2CB-BC6A3E61C691}
		{227D0D89-B77F-400B-8C94-159C734E40B6} = {B4548552-6CB8-4E30-B794-1B2534312070}
		{DFB505AA-AF10-4042-AAE9-52B0A9B7F861} = {B4548552-6CB8-4E30-B794-1B2534312070}
		{BFF012D1-6C50-4D2C-8250-D15283C6C053} = {B4548552-6CB8-4E30-B794-1B2534312070}
		{F5EAB647-7A12-4F43-BDF2-E3CF9EFD3B9F} = {B4548552-6CB8-4E30-B794-1B2534312070}
		{376A3352-5E16-471E-AA28-1F2C430EAF71} = {B4548552-6CB8-4E30-B794-1B2534312070}
		{A146A839-ED57-4F93-88D9-D8857AC99544} = {B4548552-6CB8-4E30-B794-1B2534312070}
		{311E516A-D712-40EE-B28D-96277C9F0E30} = {B4548552-6CB8-4E30-B794-1B2534312070}
		{DA7F4063-4566-42D7-BA31-ED07B2B2EF70} = {B4548552-6CB8-4E30-B794-1B2534312070}
		{50F11D5D-4B2B-4093-9839-4B150CD7A109} = {8A61E1A5-0C00-414E-89B9-683AD930433B}
		{F4291C8A-3B2F-4CDC-9E39-C4E4D1F46AFA} = {8A61E1A5-0C00-414E-89B9-683AD930433B}
		{36743D7F-A0CD-4448-837B-2666C3D25E01} = {8A61E1A5-0C00-414E-89B9-683AD930433B}
		{E83E1CFB-4BAC-430C-8411-2D46DC046A68} = {8A61E1A5-0C00-414E-89B9-683AD930433B}
		{F7B82051-CEF3-4869-8A57-A21C360656D4} = {8A61E1A5-0C00-414E-89B9-683AD930433B}
		{AF3B249E-41A0-42FD-8953-275DAEBBEFBB} = {8A61E1A5-0C00-414E-89B9-683AD930433B}
		{DCAA3747-C195-4533-9F09-2B1A6C87B166} = {8A61E1A5-0C00-414E-89B9-683AD930433B}
		{F6046E79-7548-48F4-9404-2D29FFC6CBF5} = {8A61E1A5-0C00-414E-89B9-683AD930433B}
		{26069AB8-D885-4D0B-9463-3860551D857D} = {8A61E1A5-0C00-414E-89B9-683AD930433B}
		{F16737E2-CFD2-4635-9C4A-F59987FA9ACD} = {8A61E1A5-0C00-414E-89B9-683AD930433B}
		{FA374C3F-03A6-4703-8240-6E3787232520} = {8A61E1A5-0C00-414E-89B9-683AD930433B}
		{2B2144BB-8B4E-45B8-92E7-13DE139F0EE6} = {8A61E1A5-0C00-414E-89B9-683AD930433B}
		{6ECEA386-1503-4A50-93ED-C151E1AB1FA2} = {8A61E1A5-0C00-414E-89B9-683AD930433B}
		{44E8EF0B-A73D-4CD1-889C-359F18859BA5} = {3B447887-02F5-4881-A95B-ABA112A9FA18}
		{3D4996EE-D38D-4B86-BD85-40FE6BCEF675} = {3B447887-02F5-4881-A95B-ABA112A9FA18}
		{9DEDEAF7-7A9D-4117-A17F-FACA618655FC} = {3B447887-02F5-4881-A95B-ABA112A9FA18}
		{9007C4A5-CEAB-4DB7-AEFE-8E098D1ADCFD} = {3B447887-02F5-4881-A95B-ABA112A9FA18}
		{EF08F6B7-B797-4E49-A08C-C91A3D932DA8} = {400CB106-80DA-4C57-8CD2-512F1335C4C2}
		{FB80B265-1492-4ED8-9357-05E277303112} = {400CB106-80DA-4C57-8CD2-512F1335C4C2}
		{14BFDB8E-B661-4225-A2C1-D7A4402527F0} = {400CB106-80DA-4C57-8CD2-512F1335C4C2}
		{54ECF5FE-19E1-4475-AA71-96B3A137475E} = {400CB106-80DA-4C57-8CD2-512F1335C4C2}
		{F7E6CC37-A40A-4674-85CD-561CF1C0F30F} = {400CB106-80DA-4C57-8CD2-512F1335C4C2}
		{77AE1C21-77FA-4C72-BBB8-A804498D7D64} = {400CB106-80DA-4C57-8CD2-512F1335C4C2}
		{2EBB17DA-7C9C-4A86-A77F-6C6D5E55DC60} = {400CB106-80DA-4C57-8CD2-512F1335C4C2}
		{850AD012-535F-4FF1-B46A-018263C97FBF} = {400CB106-80DA-4C57-8CD2-512F1335C4C2}
		{2448CE28-4477-4B10-9D3F-7D21F28C63EA} = {400CB106-80DA-4C57-8CD2-512F1335C4C2}
		{9E5207B0-4735-4D0D-839B-C939503DEF5C} = {400CB106-80DA-4C57-8CD2-512F1335C4C2}
		{1BA15A74-452C-43E6-8DED-65E81EE6AB0F} = {400CB106-80DA-4C57-8CD2-512F1335C4C2}
		{CAEAB3E8-65CC-4FCC-9370-ED33DBDCE52F} = {05F20E75-B531-4598-9A51-37C916F602AA}
		{87F57526-5AB4-4EF0-AB23-FE6BC681B810} = {05F20E75-B531-4598-9A51-37C916F602AA}
		{83F91C18-3062-4249-BDC2-466A42C36786} = {05F20E75-B531-4598-9A51-37C916F602AA}
		{2BEF6323-2A09-4619-9BC0-714FB7CEE824} = {05F20E75-B531-4598-9A51-37C916F602AA}
		{64D25529-67CC-47A5-9E12-050EEA525C32} = {05F20E75-B531-4598-9A51-37C916F602AA}
		{15ACB9E7-3A09-448A-B867-4B4F2DE6A07E} = {8990C6C7-E790-4219-AA50-6F1944C78A4F}
		{46FC9BAE-464B-4204-9602-C1DDAEBEBD9B} = {8990C6C7-E790-4219-AA50-6F1944C78A4F}
		{E14962DE-DDA1-4C46-B216-E6CFDBCAF1C5} = {D380699B-F7F1-4857-BCCC-BC5F2F8C729E}
		{37FE1DBD-68D2-4538-B5AB-6201874AF28F} = {D380699B-F7F1-4857-BCCC-BC5F2F8C729E}
		{69FBE0C6-7A85-4D0D-9E1D-CF4C3BB5D2FE} = {D380699B-F7F1-4857-BCCC-BC5F2F8C729E}
		{54837373-954E-4AE2-AC0A-3C9AC1F81432} = {D380699B-F7F1-4857-BCCC-BC5F2F8C729E}
		{5E22FC63-1FD0-43FC-9575-0AC0524E199B} = {024ACA9A-A7F3-4CD7-9305-AF98248FAFC9}
		{1CAA53B2-9B62-46D2-B11E-DADD2C5483FB} = {024ACA9A-A7F3-4CD7-9305-AF98248FAFC9}
		{AE9774FC-7751-4440-BB85-6BA4D916E435} = {024ACA9A-A7F3-4CD7-9305-AF98248FAFC9}
	EndGlobalSection
EndGlobal
