
Microsoft Visual Studio Solution File, Format Version 12.00
# Visual Studio 14
VisualStudioVersion = 14.0.25420.1
MinimumVisualStudioVersion = 10.0.40219.1
Project("{2150E333-8FDC-42A3-9474-1A3956D46DE8}") = "01 - Kintamieji", "01 - Kintamieji", "{2AC4EEA6-72B3-459C-A8CE-2E5A7A12370D}"
EndProject
Project("{2150E333-8FDC-42A3-9474-1A3956D46DE8}") = "02 - Isvedimas", "02 - Isvedimas", "{A6ED49EC-2EEF-4BDE-9388-CF44A12F4B0D}"
EndProject
Project("{2150E333-8FDC-42A3-9474-1A3956D46DE8}") = "03 - Aritmetiniai veiksmai", "03 - Aritmetiniai veiksmai", "{BD19F01D-2ED7-4D8A-A2CB-BC6A3E61C691}"
EndProject
Project("{2150E333-8FDC-42A3-9474-1A3956D46DE8}") = "04 - Ivedimas", "04 - Ivedimas", "{B4548552-6CB8-4E30-B794-1B2534312070}"
EndProject
Project("{FAE04EC0-301F-11D3-BF4B-00C04F79EFBC}") = "1-1 uzduotis", "1-1 uzduotis\1-1 uzduotis.csproj", "{18E75E65-A4C0-43EA-94B4-27567EBA6A48}"
EndProject
Global
	GlobalSection(SolutionConfigurationPlatforms) = preSolution
		Debug|Any CPU = Debug|Any CPU
		Release|Any CPU = Release|Any CPU
	EndGlobalSection
	GlobalSection(ProjectConfigurationPlatforms) = postSolution
		{18E75E65-A4C0-43EA-94B4-27567EBA6A48}.Debug|Any CPU.ActiveCfg = Debug|Any CPU
		{18E75E65-A4C0-43EA-94B4-27567EBA6A48}.Debug|Any CPU.Build.0 = Debug|Any CPU
		{18E75E65-A4C0-43EA-94B4-27567EBA6A48}.Release|Any CPU.ActiveCfg = Release|Any CPU
		{18E75E65-A4C0-43EA-94B4-27567EBA6A48}.Release|Any CPU.Build.0 = Release|Any CPU
	EndGlobalSection
	GlobalSection(SolutionProperties) = preSolution
		HideSolutionNode = FALSE
	EndGlobalSection
	GlobalSection(NestedProjects) = preSolution
		{18E75E65-A4C0-43EA-94B4-27567EBA6A48} = {2AC4EEA6-72B3-459C-A8CE-2E5A7A12370D}
	EndGlobalSection
EndGlobal
